PODS:
  - OAuthSwift (2.2.0)
  - SwiftyJSON (5.0.1)

DEPENDENCIES:
  - OAuthSwift
  - SwiftyJSON

SPEC REPOS:
  trunk:
    - OAuthSwift
    - SwiftyJSON

SPEC CHECKSUMS:
  OAuthSwift: 75efbb5bd9a4b2b71a37bd7e986bf3f55ddd54c6
  SwiftyJSON: 2f33a42c6fbc52764d96f13368585094bfd8aa5e

PODFILE CHECKSUM: 974e05aa5dbf06cfe95e45998094fa61ff49c312

COCOAPODS: 1.11.2
