// !$*UTF8*$!
{
	archiveVersion = 1;
	classes = {
	};
	objectVersion = 55;
	objects = {

/* Begin PBXBuildFile section */
		5170A6F22745E32800EECE3C /* EpochDateSerializationStrategy.swift in Sources */ = {isa = PBXBuildFile; fileRef = 5170A6F12745E32800EECE3C /* EpochDateSerializationStrategy.swift */; };
		5170A6F42745E38900EECE3C /* Endpoints.swift in Sources */ = {isa = PBXBuildFile; fileRef = 5170A6F32745E38900EECE3C /* Endpoints.swift */; };
		5170A6F6274613A900EECE3C /* Credentials.swift in Sources */ = {isa = PBXBuildFile; fileRef = 5170A6F5274613A900EECE3C /* Credentials.swift */; };
		51D0C122274444C00031FB37 /* MainViewController.swift in Sources */ = {isa = PBXBuildFile; fileRef = 51D0C121274444C00031FB37 /* MainViewController.swift */; };
		51D0C127274444C20031FB37 /* Assets.xcassets in Resources */ = {isa = PBXBuildFile; fileRef = 51D0C126274444C20031FB37 /* Assets.xcassets */; };
		51D0C12A274444C20031FB37 /* LaunchScreen.storyboard in Resources */ = {isa = PBXBuildFile; fileRef = 51D0C128274444C20031FB37 /* LaunchScreen.storyboard */; };
		51D0C135274444C20031FB37 /* TradeMeTests.swift in Sources */ = {isa = PBXBuildFile; fileRef = 51D0C134274444C20031FB37 /* TradeMeTests.swift */; };
		51D0C13F274444C20031FB37 /* TradeMeUITests.swift in Sources */ = {isa = PBXBuildFile; fileRef = 51D0C13E274444C20031FB37 /* TradeMeUITests.swift */; };
		51D0C141274444C20031FB37 /* TradeMeUITestsLaunchTests.swift in Sources */ = {isa = PBXBuildFile; fileRef = 51D0C140274444C20031FB37 /* TradeMeUITestsLaunchTests.swift */; };
		51D0C1522744C3CD0031FB37 /* ServerManager.swift in Sources */ = {isa = PBXBuildFile; fileRef = 51D0C1512744C3CD0031FB37 /* ServerManager.swift */; };
		51D0C1532744C4430031FB37 /* AppDelegate.swift in Sources */ = {isa = PBXBuildFile; fileRef = 51D0C11D274444C00031FB37 /* AppDelegate.swift */; };
		51D0C1552744C9E20031FB37 /* DiscoverViewController.swift in Sources */ = {isa = PBXBuildFile; fileRef = 51D0C1542744C9E20031FB37 /* DiscoverViewController.swift */; };
		51D0C1572744D1950031FB37 /* Extensions.swift in Sources */ = {isa = PBXBuildFile; fileRef = 51D0C1562744D1950031FB37 /* Extensions.swift */; };
		51D0C1592744D2770031FB37 /* Theme.swift in Sources */ = {isa = PBXBuildFile; fileRef = 51D0C1582744D2770031FB37 /* Theme.swift */; };
		51D0C15B2744D2C30031FB37 /* Localisation.swift in Sources */ = {isa = PBXBuildFile; fileRef = 51D0C15A2744D2C30031FB37 /* Localisation.swift */; };
		51D0C15F2744D3090031FB37 /* WatchlistViewController.swift in Sources */ = {isa = PBXBuildFile; fileRef = 51D0C15E2744D3090031FB37 /* WatchlistViewController.swift */; };
		51D0C1612744D32F0031FB37 /* MyTradeMeViewController.swift in Sources */ = {isa = PBXBuildFile; fileRef = 51D0C1602744D32F0031FB37 /* MyTradeMeViewController.swift */; };
		51D0C1632744D4000031FB37 /* BaseViewController.swift in Sources */ = {isa = PBXBuildFile; fileRef = 51D0C1622744D4000031FB37 /* BaseViewController.swift */; };
		51D0C1652744D5360031FB37 /* Icon.swift in Sources */ = {isa = PBXBuildFile; fileRef = 51D0C1642744D5360031FB37 /* Icon.swift */; };
		51D0C16A2744EE520031FB37 /* ListingViewModel.swift in Sources */ = {isa = PBXBuildFile; fileRef = 51D0C1692744EE520031FB37 /* ListingViewModel.swift */; };
		51D0C16C2744FF340031FB37 /* ListingDataModel.swift in Sources */ = {isa = PBXBuildFile; fileRef = 51D0C16B2744FF340031FB37 /* ListingDataModel.swift */; };
		51D0C1702745A0360031FB37 /* ListingTableView.swift in Sources */ = {isa = PBXBuildFile; fileRef = 51D0C16F2745A0360031FB37 /* ListingTableView.swift */; };
		51D0C1732745A2340031FB37 /* ListingCell.swift in Sources */ = {isa = PBXBuildFile; fileRef = 51D0C1722745A2340031FB37 /* ListingCell.swift */; };
		51D0C1752745D1F80031FB37 /* NavBarIconButton.swift in Sources */ = {isa = PBXBuildFile; fileRef = 51D0C1742745D1F80031FB37 /* NavBarIconButton.swift */; };
		6231288943421311A3D65F2E /* Pods_TradeMe.framework in Frameworks */ = {isa = PBXBuildFile; fileRef = C91BB44ED9B4E7F9803E9BC3 /* Pods_TradeMe.framework */; };
		65175180165252A8D7402BD0 /* Pods_TradeMe_TradeMeUITests.framework in Frameworks */ = {isa = PBXBuildFile; fileRef = 1D6BAE158B8AE9E92D35B0CB /* Pods_TradeMe_TradeMeUITests.framework */; };
		FEF66544D32EFB4EF5C0D8B9 /* Pods_TradeMeTests.framework in Frameworks */ = {isa = PBXBuildFile; fileRef = BC9931F48BA2C3FC4B692A25 /* Pods_TradeMeTests.framework */; };
/* End PBXBuildFile section */

/* Begin PBXContainerItemProxy section */
		51D0C131274444C20031FB37 /* PBXContainerItemProxy */ = {
			isa = PBXContainerItemProxy;
			containerPortal = 51D0C112274444C00031FB37 /* Project object */;
			proxyType = 1;
			remoteGlobalIDString = 51D0C119274444C00031FB37;
			remoteInfo = TradeMe;
		};
		51D0C13B274444C20031FB37 /* PBXContainerItemProxy */ = {
			isa = PBXContainerItemProxy;
			containerPortal = 51D0C112274444C00031FB37 /* Project object */;
			proxyType = 1;
			remoteGlobalIDString = 51D0C119274444C00031FB37;
			remoteInfo = TradeMe;
		};
/* End PBXContainerItemProxy section */

/* Begin PBXFileReference section */
		1D51F9B774DABD250E19ECBD /* Pods-TradeMe-TradeMeUITests.release.xcconfig */ = {isa = PBXFileReference; includeInIndex = 1; lastKnownFileType = text.xcconfig; name = "Pods-TradeMe-TradeMeUITests.release.xcconfig"; path = "Target Support Files/Pods-TradeMe-TradeMeUITests/Pods-TradeMe-TradeMeUITests.release.xcconfig"; sourceTree = "<group>"; };
		1D6BAE158B8AE9E92D35B0CB /* Pods_TradeMe_TradeMeUITests.framework */ = {isa = PBXFileReference; explicitFileType = wrapper.framework; includeInIndex = 0; path = Pods_TradeMe_TradeMeUITests.framework; sourceTree = BUILT_PRODUCTS_DIR; };
		4D24EE1A20D6C438C50837B9 /* Pods-TradeMeTests.debug.xcconfig */ = {isa = PBXFileReference; includeInIndex = 1; lastKnownFileType = text.xcconfig; name = "Pods-TradeMeTests.debug.xcconfig"; path = "Target Support Files/Pods-TradeMeTests/Pods-TradeMeTests.debug.xcconfig"; sourceTree = "<group>"; };
		5170A6F12745E32800EECE3C /* EpochDateSerializationStrategy.swift */ = {isa = PBXFileReference; lastKnownFileType = sourcecode.swift; path = EpochDateSerializationStrategy.swift; sourceTree = "<group>"; };
		5170A6F32745E38900EECE3C /* Endpoints.swift */ = {isa = PBXFileReference; lastKnownFileType = sourcecode.swift; path = Endpoints.swift; sourceTree = "<group>"; };
		5170A6F5274613A900EECE3C /* Credentials.swift */ = {isa = PBXFileReference; lastKnownFileType = sourcecode.swift; path = Credentials.swift; sourceTree = "<group>"; };
		51D0C11A274444C00031FB37 /* TradeMe.app */ = {isa = PBXFileReference; explicitFileType = wrapper.application; includeInIndex = 0; path = TradeMe.app; sourceTree = BUILT_PRODUCTS_DIR; };
		51D0C11D274444C00031FB37 /* AppDelegate.swift */ = {isa = PBXFileReference; lastKnownFileType = sourcecode.swift; path = AppDelegate.swift; sourceTree = "<group>"; };
		51D0C121274444C00031FB37 /* MainViewController.swift */ = {isa = PBXFileReference; lastKnownFileType = sourcecode.swift; path = MainViewController.swift; sourceTree = "<group>"; };
		51D0C126274444C20031FB37 /* Assets.xcassets */ = {isa = PBXFileReference; lastKnownFileType = folder.assetcatalog; path = Assets.xcassets; sourceTree = "<group>"; };
		51D0C129274444C20031FB37 /* Base */ = {isa = PBXFileReference; lastKnownFileType = file.storyboard; name = Base; path = Base.lproj/LaunchScreen.storyboard; sourceTree = "<group>"; };
		51D0C12B274444C20031FB37 /* Info.plist */ = {isa = PBXFileReference; lastKnownFileType = text.plist.xml; path = Info.plist; sourceTree = "<group>"; };
		51D0C130274444C20031FB37 /* TradeMeTests.xctest */ = {isa = PBXFileReference; explicitFileType = wrapper.cfbundle; includeInIndex = 0; path = TradeMeTests.xctest; sourceTree = BUILT_PRODUCTS_DIR; };
		51D0C134274444C20031FB37 /* TradeMeTests.swift */ = {isa = PBXFileReference; lastKnownFileType = sourcecode.swift; path = TradeMeTests.swift; sourceTree = "<group>"; };
		51D0C13A274444C20031FB37 /* TradeMeUITests.xctest */ = {isa = PBXFileReference; explicitFileType = wrapper.cfbundle; includeInIndex = 0; path = TradeMeUITests.xctest; sourceTree = BUILT_PRODUCTS_DIR; };
		51D0C13E274444C20031FB37 /* TradeMeUITests.swift */ = {isa = PBXFileReference; lastKnownFileType = sourcecode.swift; path = TradeMeUITests.swift; sourceTree = "<group>"; };
		51D0C140274444C20031FB37 /* TradeMeUITestsLaunchTests.swift */ = {isa = PBXFileReference; lastKnownFileType = sourcecode.swift; path = TradeMeUITestsLaunchTests.swift; sourceTree = "<group>"; };
		51D0C1512744C3CD0031FB37 /* ServerManager.swift */ = {isa = PBXFileReference; lastKnownFileType = sourcecode.swift; path = ServerManager.swift; sourceTree = "<group>"; };
		51D0C1542744C9E20031FB37 /* DiscoverViewController.swift */ = {isa = PBXFileReference; lastKnownFileType = sourcecode.swift; path = DiscoverViewController.swift; sourceTree = "<group>"; };
		51D0C1562744D1950031FB37 /* Extensions.swift */ = {isa = PBXFileReference; lastKnownFileType = sourcecode.swift; path = Extensions.swift; sourceTree = "<group>"; };
		51D0C1582744D2770031FB37 /* Theme.swift */ = {isa = PBXFileReference; lastKnownFileType = sourcecode.swift; path = Theme.swift; sourceTree = "<group>"; };
		51D0C15A2744D2C30031FB37 /* Localisation.swift */ = {isa = PBXFileReference; lastKnownFileType = sourcecode.swift; path = Localisation.swift; sourceTree = "<group>"; };
		51D0C15E2744D3090031FB37 /* WatchlistViewController.swift */ = {isa = PBXFileReference; lastKnownFileType = sourcecode.swift; path = WatchlistViewController.swift; sourceTree = "<group>"; };
		51D0C1602744D32F0031FB37 /* MyTradeMeViewController.swift */ = {isa = PBXFileReference; lastKnownFileType = sourcecode.swift; path = MyTradeMeViewController.swift; sourceTree = "<group>"; };
		51D0C1622744D4000031FB37 /* BaseViewController.swift */ = {isa = PBXFileReference; lastKnownFileType = sourcecode.swift; path = BaseViewController.swift; sourceTree = "<group>"; };
		51D0C1642744D5360031FB37 /* Icon.swift */ = {isa = PBXFileReference; lastKnownFileType = sourcecode.swift; path = Icon.swift; sourceTree = "<group>"; };
		51D0C1692744EE520031FB37 /* ListingViewModel.swift */ = {isa = PBXFileReference; lastKnownFileType = sourcecode.swift; path = ListingViewModel.swift; sourceTree = "<group>"; };
		51D0C16B2744FF340031FB37 /* ListingDataModel.swift */ = {isa = PBXFileReference; lastKnownFileType = sourcecode.swift; path = ListingDataModel.swift; sourceTree = "<group>"; };
		51D0C16F2745A0360031FB37 /* ListingTableView.swift */ = {isa = PBXFileReference; lastKnownFileType = sourcecode.swift; path = ListingTableView.swift; sourceTree = "<group>"; };
		51D0C1722745A2340031FB37 /* ListingCell.swift */ = {isa = PBXFileReference; lastKnownFileType = sourcecode.swift; path = ListingCell.swift; sourceTree = "<group>"; };
		51D0C1742745D1F80031FB37 /* NavBarIconButton.swift */ = {isa = PBXFileReference; lastKnownFileType = sourcecode.swift; path = NavBarIconButton.swift; sourceTree = "<group>"; };
		5BFF21BACA7BCF502A9C437E /* Pods-TradeMeTests.release.xcconfig */ = {isa = PBXFileReference; includeInIndex = 1; lastKnownFileType = text.xcconfig; name = "Pods-TradeMeTests.release.xcconfig"; path = "Target Support Files/Pods-TradeMeTests/Pods-TradeMeTests.release.xcconfig"; sourceTree = "<group>"; };
		A1D9E092C04E2C5FA2D80CDA /* Pods-TradeMe.release.xcconfig */ = {isa = PBXFileReference; includeInIndex = 1; lastKnownFileType = text.xcconfig; name = "Pods-TradeMe.release.xcconfig"; path = "Target Support Files/Pods-TradeMe/Pods-TradeMe.release.xcconfig"; sourceTree = "<group>"; };
		BC9931F48BA2C3FC4B692A25 /* Pods_TradeMeTests.framework */ = {isa = PBXFileReference; explicitFileType = wrapper.framework; includeInIndex = 0; path = Pods_TradeMeTests.framework; sourceTree = BUILT_PRODUCTS_DIR; };
		BE6E801B35E9C69879BA3ABC /* Pods-TradeMe.debug.xcconfig */ = {isa = PBXFileReference; includeInIndex = 1; lastKnownFileType = text.xcconfig; name = "Pods-TradeMe.debug.xcconfig"; path = "Target Support Files/Pods-TradeMe/Pods-TradeMe.debug.xcconfig"; sourceTree = "<group>"; };
		C73612DEAA5E56B2593D58B7 /* Pods-TradeMe-TradeMeUITests.debug.xcconfig */ = {isa = PBXFileReference; includeInIndex = 1; lastKnownFileType = text.xcconfig; name = "Pods-TradeMe-TradeMeUITests.debug.xcconfig"; path = "Target Support Files/Pods-TradeMe-TradeMeUITests/Pods-TradeMe-TradeMeUITests.debug.xcconfig"; sourceTree = "<group>"; };
		C91BB44ED9B4E7F9803E9BC3 /* Pods_TradeMe.framework */ = {isa = PBXFileReference; explicitFileType = wrapper.framework; includeInIndex = 0; path = Pods_TradeMe.framework; sourceTree = BUILT_PRODUCTS_DIR; };
/* End PBXFileReference section */

/* Begin PBXFrameworksBuildPhase section */
		51D0C117274444C00031FB37 /* Frameworks */ = {
			isa = PBXFrameworksBuildPhase;
			buildActionMask = 2147483647;
			files = (
				6231288943421311A3D65F2E /* Pods_TradeMe.framework in Frameworks */,
			);
			runOnlyForDeploymentPostprocessing = 0;
		};
		51D0C12D274444C20031FB37 /* Frameworks */ = {
			isa = PBXFrameworksBuildPhase;
			buildActionMask = 2147483647;
			files = (
				FEF66544D32EFB4EF5C0D8B9 /* Pods_TradeMeTests.framework in Frameworks */,
			);
			runOnlyForDeploymentPostprocessing = 0;
		};
		51D0C137274444C20031FB37 /* Frameworks */ = {
			isa = PBXFrameworksBuildPhase;
			buildActionMask = 2147483647;
			files = (
				65175180165252A8D7402BD0 /* Pods_TradeMe_TradeMeUITests.framework in Frameworks */,
			);
			runOnlyForDeploymentPostprocessing = 0;
		};
/* End PBXFrameworksBuildPhase section */

/* Begin PBXGroup section */
		4E89C57BCE146BC1B497FB43 /* Frameworks */ = {
			isa = PBXGroup;
			children = (
				C91BB44ED9B4E7F9803E9BC3 /* Pods_TradeMe.framework */,
				1D6BAE158B8AE9E92D35B0CB /* Pods_TradeMe_TradeMeUITests.framework */,
				BC9931F48BA2C3FC4B692A25 /* Pods_TradeMeTests.framework */,
			);
			name = Frameworks;
			sourceTree = "<group>";
		};
		5170A6F02745E30D00EECE3C /* JsonSerialization */ = {
			isa = PBXGroup;
			children = (
				5170A6F12745E32800EECE3C /* EpochDateSerializationStrategy.swift */,
			);
			path = JsonSerialization;
			sourceTree = "<group>";
		};
		51D0C111274444C00031FB37 = {
			isa = PBXGroup;
			children = (
				51D0C11C274444C00031FB37 /* TradeMe */,
				51D0C133274444C20031FB37 /* TradeMeTests */,
				51D0C13D274444C20031FB37 /* TradeMeUITests */,
				51D0C11B274444C00031FB37 /* Products */,
				8C411EABD4F7A9CBB65BC6C7 /* Pods */,
				4E89C57BCE146BC1B497FB43 /* Frameworks */,
			);
			sourceTree = "<group>";
		};
		51D0C11B274444C00031FB37 /* Products */ = {
			isa = PBXGroup;
			children = (
				51D0C11A274444C00031FB37 /* TradeMe.app */,
				51D0C130274444C20031FB37 /* TradeMeTests.xctest */,
				51D0C13A274444C20031FB37 /* TradeMeUITests.xctest */,
			);
			name = Products;
			sourceTree = "<group>";
		};
		51D0C11C274444C00031FB37 /* TradeMe */ = {
			isa = PBXGroup;
			children = (
				51D0C1502744C3C20031FB37 /* Util */,
				51D0C14F2744C1C60031FB37 /* View */,
				51D0C14E2744C1BB0031FB37 /* Model */,
				51D0C14D2744C1B10031FB37 /* ViewModel */,
				51D0C11D274444C00031FB37 /* AppDelegate.swift */,
				51D0C121274444C00031FB37 /* MainViewController.swift */,
				51D0C1622744D4000031FB37 /* BaseViewController.swift */,
				51D0C126274444C20031FB37 /* Assets.xcassets */,
				51D0C128274444C20031FB37 /* LaunchScreen.storyboard */,
				51D0C12B274444C20031FB37 /* Info.plist */,
			);
			path = TradeMe;
			sourceTree = "<group>";
		};
		51D0C133274444C20031FB37 /* TradeMeTests */ = {
			isa = PBXGroup;
			children = (
				51D0C134274444C20031FB37 /* TradeMeTests.swift */,
			);
			path = TradeMeTests;
			sourceTree = "<group>";
		};
		51D0C13D274444C20031FB37 /* TradeMeUITests */ = {
			isa = PBXGroup;
			children = (
				51D0C13E274444C20031FB37 /* TradeMeUITests.swift */,
				51D0C140274444C20031FB37 /* TradeMeUITestsLaunchTests.swift */,
			);
			path = TradeMeUITests;
			sourceTree = "<group>";
		};
		51D0C14D2744C1B10031FB37 /* ViewModel */ = {
			isa = PBXGroup;
			children = (
				51D0C1692744EE520031FB37 /* ListingViewModel.swift */,
			);
			path = ViewModel;
			sourceTree = "<group>";
		};
		51D0C14E2744C1BB0031FB37 /* Model */ = {
			isa = PBXGroup;
			children = (
				51D0C16B2744FF340031FB37 /* ListingDataModel.swift */,
			);
			path = Model;
			sourceTree = "<group>";
		};
		51D0C14F2744C1C60031FB37 /* View */ = {
			isa = PBXGroup;
			children = (
				51D0C1712745A22B0031FB37 /* Cells */,
				51D0C1662744EDAB0031FB37 /* CollectionView */,
				51D0C1542744C9E20031FB37 /* DiscoverViewController.swift */,
				51D0C15E2744D3090031FB37 /* WatchlistViewController.swift */,
				51D0C1602744D32F0031FB37 /* MyTradeMeViewController.swift */,
				51D0C1742745D1F80031FB37 /* NavBarIconButton.swift */,
			);
			path = View;
			sourceTree = "<group>";
		};
		51D0C1502744C3C20031FB37 /* Util */ = {
			isa = PBXGroup;
			children = (
				5170A6F02745E30D00EECE3C /* JsonSerialization */,
				51D0C1512744C3CD0031FB37 /* ServerManager.swift */,
				51D0C1562744D1950031FB37 /* Extensions.swift */,
				51D0C1582744D2770031FB37 /* Theme.swift */,
				51D0C15A2744D2C30031FB37 /* Localisation.swift */,
				51D0C1642744D5360031FB37 /* Icon.swift */,
				5170A6F32745E38900EECE3C /* Endpoints.swift */,
				5170A6F5274613A900EECE3C /* Credentials.swift */,
			);
			path = Util;
			sourceTree = "<group>";
		};
		51D0C1662744EDAB0031FB37 /* CollectionView */ = {
			isa = PBXGroup;
			children = (
				51D0C16F2745A0360031FB37 /* ListingTableView.swift */,
			);
			path = CollectionView;
			sourceTree = "<group>";
		};
		51D0C1712745A22B0031FB37 /* Cells */ = {
			isa = PBXGroup;
			children = (
				51D0C1722745A2340031FB37 /* ListingCell.swift */,
			);
			path = Cells;
			sourceTree = "<group>";
		};
		8C411EABD4F7A9CBB65BC6C7 /* Pods */ = {
			isa = PBXGroup;
			children = (
				BE6E801B35E9C69879BA3ABC /* Pods-TradeMe.debug.xcconfig */,
				A1D9E092C04E2C5FA2D80CDA /* Pods-TradeMe.release.xcconfig */,
				C73612DEAA5E56B2593D58B7 /* Pods-TradeMe-TradeMeUITests.debug.xcconfig */,
				1D51F9B774DABD250E19ECBD /* Pods-TradeMe-TradeMeUITests.release.xcconfig */,
				4D24EE1A20D6C438C50837B9 /* Pods-TradeMeTests.debug.xcconfig */,
				5BFF21BACA7BCF502A9C437E /* Pods-TradeMeTests.release.xcconfig */,
			);
			path = Pods;
			sourceTree = "<group>";
		};
/* End PBXGroup section */

/* Begin PBXNativeTarget section */
		51D0C119274444C00031FB37 /* TradeMe */ = {
			isa = PBXNativeTarget;
			buildConfigurationList = 51D0C144274444C20031FB37 /* Build configuration list for PBXNativeTarget "TradeMe" */;
			buildPhases = (
				532C055E7B47B768B1768B72 /* [CP] Check Pods Manifest.lock */,
				51D0C116274444C00031FB37 /* Sources */,
				51D0C117274444C00031FB37 /* Frameworks */,
				51D0C118274444C00031FB37 /* Resources */,
				F21D59B7CC62D2E0C524CCCD /* [CP] Embed Pods Frameworks */,
			);
			buildRules = (
			);
			dependencies = (
			);
			name = TradeMe;
			productName = TradeMe;
			productReference = 51D0C11A274444C00031FB37 /* TradeMe.app */;
			productType = "com.apple.product-type.application";
		};
		51D0C12F274444C20031FB37 /* TradeMeTests */ = {
			isa = PBXNativeTarget;
			buildConfigurationList = 51D0C147274444C20031FB37 /* Build configuration list for PBXNativeTarget "TradeMeTests" */;
			buildPhases = (
				7CD46D908612245E9B5A7996 /* [CP] Check Pods Manifest.lock */,
				51D0C12C274444C20031FB37 /* Sources */,
				51D0C12D274444C20031FB37 /* Frameworks */,
				51D0C12E274444C20031FB37 /* Resources */,
			);
			buildRules = (
			);
			dependencies = (
				51D0C132274444C20031FB37 /* PBXTargetDependency */,
			);
			name = TradeMeTests;
			productName = TradeMeTests;
			productReference = 51D0C130274444C20031FB37 /* TradeMeTests.xctest */;
			productType = "com.apple.product-type.bundle.unit-test";
		};
		51D0C139274444C20031FB37 /* TradeMeUITests */ = {
			isa = PBXNativeTarget;
			buildConfigurationList = 51D0C14A274444C20031FB37 /* Build configuration list for PBXNativeTarget "TradeMeUITests" */;
			buildPhases = (
				CF105C644DA3333C7DC2AF9F /* [CP] Check Pods Manifest.lock */,
				51D0C136274444C20031FB37 /* Sources */,
				51D0C137274444C20031FB37 /* Frameworks */,
				51D0C138274444C20031FB37 /* Resources */,
				DD3254B4ED1B87423C2A1C70 /* [CP] Embed Pods Frameworks */,
			);
			buildRules = (
			);
			dependencies = (
				51D0C13C274444C20031FB37 /* PBXTargetDependency */,
			);
			name = TradeMeUITests;
			productName = TradeMeUITests;
			productReference = 51D0C13A274444C20031FB37 /* TradeMeUITests.xctest */;
			productType = "com.apple.product-type.bundle.ui-testing";
		};
/* End PBXNativeTarget section */

/* Begin PBXProject section */
		51D0C112274444C00031FB37 /* Project object */ = {
			isa = PBXProject;
			attributes = {
				BuildIndependentTargetsInParallel = 1;
				LastSwiftUpdateCheck = 1310;
				LastUpgradeCheck = 1310;
				TargetAttributes = {
					51D0C119274444C00031FB37 = {
						CreatedOnToolsVersion = 13.1;
					};
					51D0C12F274444C20031FB37 = {
						CreatedOnToolsVersion = 13.1;
						TestTargetID = 51D0C119274444C00031FB37;
					};
					51D0C139274444C20031FB37 = {
						CreatedOnToolsVersion = 13.1;
						TestTargetID = 51D0C119274444C00031FB37;
					};
				};
			};
			buildConfigurationList = 51D0C115274444C00031FB37 /* Build configuration list for PBXProject "TradeMe" */;
			compatibilityVersion = "Xcode 13.0";
			developmentRegion = en;
			hasScannedForEncodings = 0;
			knownRegions = (
				en,
				Base,
			);
			mainGroup = 51D0C111274444C00031FB37;
			productRefGroup = 51D0C11B274444C00031FB37 /* Products */;
			projectDirPath = "";
			projectRoot = "";
			targets = (
				51D0C119274444C00031FB37 /* TradeMe */,
				51D0C12F274444C20031FB37 /* TradeMeTests */,
				51D0C139274444C20031FB37 /* TradeMeUITests */,
			);
		};
/* End PBXProject section */

/* Begin PBXResourcesBuildPhase section */
		51D0C118274444C00031FB37 /* Resources */ = {
			isa = PBXResourcesBuildPhase;
			buildActionMask = 2147483647;
			files = (
				51D0C12A274444C20031FB37 /* LaunchScreen.storyboard in Resources */,
				51D0C127274444C20031FB37 /* Assets.xcassets in Resources */,
			);
			runOnlyForDeploymentPostprocessing = 0;
		};
		51D0C12E274444C20031FB37 /* Resources */ = {
			isa = PBXResourcesBuildPhase;
			buildActionMask = 2147483647;
			files = (
			);
			runOnlyForDeploymentPostprocessing = 0;
		};
		51D0C138274444C20031FB37 /* Resources */ = {
			isa = PBXResourcesBuildPhase;
			buildActionMask = 2147483647;
			files = (
			);
			runOnlyForDeploymentPostprocessing = 0;
		};
/* End PBXResourcesBuildPhase section */

/* Begin PBXShellScriptBuildPhase section */
		532C055E7B47B768B1768B72 /* [CP] Check Pods Manifest.lock */ = {
			isa = PBXShellScriptBuildPhase;
			buildActionMask = 2147483647;
			files = (
			);
			inputFileListPaths = (
			);
			inputPaths = (
				"${PODS_PODFILE_DIR_PATH}/Podfile.lock",
				"${PODS_ROOT}/Manifest.lock",
			);
			name = "[CP] Check Pods Manifest.lock";
			outputFileListPaths = (
			);
			outputPaths = (
				"$(DERIVED_FILE_DIR)/Pods-TradeMe-checkManifestLockResult.txt",
			);
			runOnlyForDeploymentPostprocessing = 0;
			shellPath = /bin/sh;
			shellScript = "diff \"${PODS_PODFILE_DIR_PATH}/Podfile.lock\" \"${PODS_ROOT}/Manifest.lock\" > /dev/null\nif [ $? != 0 ] ; then\n    # print error to STDERR\n    echo \"error: The sandbox is not in sync with the Podfile.lock. Run 'pod install' or update your CocoaPods installation.\" >&2\n    exit 1\nfi\n# This output is used by Xcode 'outputs' to avoid re-running this script phase.\necho \"SUCCESS\" > \"${SCRIPT_OUTPUT_FILE_0}\"\n";
			showEnvVarsInLog = 0;
		};
		7CD46D908612245E9B5A7996 /* [CP] Check Pods Manifest.lock */ = {
			isa = PBXShellScriptBuildPhase;
			buildActionMask = 2147483647;
			files = (
			);
			inputFileListPaths = (
			);
			inputPaths = (
				"${PODS_PODFILE_DIR_PATH}/Podfile.lock",
				"${PODS_ROOT}/Manifest.lock",
			);
			name = "[CP] Check Pods Manifest.lock";
			outputFileListPaths = (
			);
			outputPaths = (
				"$(DERIVED_FILE_DIR)/Pods-TradeMeTests-checkManifestLockResult.txt",
			);
			runOnlyForDeploymentPostprocessing = 0;
			shellPath = /bin/sh;
			shellScript = "diff \"${PODS_PODFILE_DIR_PATH}/Podfile.lock\" \"${PODS_ROOT}/Manifest.lock\" > /dev/null\nif [ $? != 0 ] ; then\n    # print error to STDERR\n    echo \"error: The sandbox is not in sync with the Podfile.lock. Run 'pod install' or update your CocoaPods installation.\" >&2\n    exit 1\nfi\n# This output is used by Xcode 'outputs' to avoid re-running this script phase.\necho \"SUCCESS\" > \"${SCRIPT_OUTPUT_FILE_0}\"\n";
			showEnvVarsInLog = 0;
		};
		CF105C644DA3333C7DC2AF9F /* [CP] Check Pods Manifest.lock */ = {
			isa = PBXShellScriptBuildPhase;
			buildActionMask = 2147483647;
			files = (
			);
			inputFileListPaths = (
			);
			inputPaths = (
				"${PODS_PODFILE_DIR_PATH}/Podfile.lock",
				"${PODS_ROOT}/Manifest.lock",
			);
			name = "[CP] Check Pods Manifest.lock";
			outputFileListPaths = (
			);
			outputPaths = (
				"$(DERIVED_FILE_DIR)/Pods-TradeMe-TradeMeUITests-checkManifestLockResult.txt",
			);
			runOnlyForDeploymentPostprocessing = 0;
			shellPath = /bin/sh;
			shellScript = "diff \"${PODS_PODFILE_DIR_PATH}/Podfile.lock\" \"${PODS_ROOT}/Manifest.lock\" > /dev/null\nif [ $? != 0 ] ; then\n    # print error to STDERR\n    echo \"error: The sandbox is not in sync with the Podfile.lock. Run 'pod install' or update your CocoaPods installation.\" >&2\n    exit 1\nfi\n# This output is used by Xcode 'outputs' to avoid re-running this script phase.\necho \"SUCCESS\" > \"${SCRIPT_OUTPUT_FILE_0}\"\n";
			showEnvVarsInLog = 0;
		};
		DD3254B4ED1B87423C2A1C70 /* [CP] Embed Pods Frameworks */ = {
			isa = PBXShellScriptBuildPhase;
			buildActionMask = 2147483647;
			files = (
			);
			inputFileListPaths = (
				"${PODS_ROOT}/Target Support Files/Pods-TradeMe-TradeMeUITests/Pods-TradeMe-TradeMeUITests-frameworks-${CONFIGURATION}-input-files.xcfilelist",
			);
			name = "[CP] Embed Pods Frameworks";
			outputFileListPaths = (
				"${PODS_ROOT}/Target Support Files/Pods-TradeMe-TradeMeUITests/Pods-TradeMe-TradeMeUITests-frameworks-${CONFIGURATION}-output-files.xcfilelist",
			);
			runOnlyForDeploymentPostprocessing = 0;
			shellPath = /bin/sh;
			shellScript = "\"${PODS_ROOT}/Target Support Files/Pods-TradeMe-TradeMeUITests/Pods-TradeMe-TradeMeUITests-frameworks.sh\"\n";
			showEnvVarsInLog = 0;
		};
		F21D59B7CC62D2E0C524CCCD /* [CP] Embed Pods Frameworks */ = {
			isa = PBXShellScriptBuildPhase;
			buildActionMask = 2147483647;
			files = (
			);
			inputFileListPaths = (
				"${PODS_ROOT}/Target Support Files/Pods-TradeMe/Pods-TradeMe-frameworks-${CONFIGURATION}-input-files.xcfilelist",
			);
			name = "[CP] Embed Pods Frameworks";
			outputFileListPaths = (
				"${PODS_ROOT}/Target Support Files/Pods-TradeMe/Pods-TradeMe-frameworks-${CONFIGURATION}-output-files.xcfilelist",
			);
			runOnlyForDeploymentPostprocessing = 0;
			shellPath = /bin/sh;
			shellScript = "\"${PODS_ROOT}/Target Support Files/Pods-TradeMe/Pods-TradeMe-frameworks.sh\"\n";
			showEnvVarsInLog = 0;
		};
/* End PBXShellScriptBuildPhase section */

/* Begin PBXSourcesBuildPhase section */
		51D0C116274444C00031FB37 /* Sources */ = {
			isa = PBXSourcesBuildPhase;
			buildActionMask = 2147483647;
			files = (
				51D0C1572744D1950031FB37 /* Extensions.swift in Sources */,
				5170A6F22745E32800EECE3C /* EpochDateSerializationStrategy.swift in Sources */,
				51D0C1532744C4430031FB37 /* AppDelegate.swift in Sources */,
				51D0C1652744D5360031FB37 /* Icon.swift in Sources */,
				51D0C1632744D4000031FB37 /* BaseViewController.swift in Sources */,
				51D0C15B2744D2C30031FB37 /* Localisation.swift in Sources */,
				51D0C1612744D32F0031FB37 /* MyTradeMeViewController.swift in Sources */,
				51D0C16C2744FF340031FB37 /* ListingDataModel.swift in Sources */,
				51D0C1552744C9E20031FB37 /* DiscoverViewController.swift in Sources */,
				51D0C16A2744EE520031FB37 /* ListingViewModel.swift in Sources */,
				51D0C1592744D2770031FB37 /* Theme.swift in Sources */,
				51D0C122274444C00031FB37 /* MainViewController.swift in Sources */,
				51D0C15F2744D3090031FB37 /* WatchlistViewController.swift in Sources */,
				5170A6F6274613A900EECE3C /* Credentials.swift in Sources */,
				51D0C1522744C3CD0031FB37 /* ServerManager.swift in Sources */,
				5170A6F42745E38900EECE3C /* Endpoints.swift in Sources */,
				51D0C1702745A0360031FB37 /* ListingTableView.swift in Sources */,
				51D0C1752745D1F80031FB37 /* NavBarIconButton.swift in Sources */,
				51D0C1732745A2340031FB37 /* ListingCell.swift in Sources */,
			);
			runOnlyForDeploymentPostprocessing = 0;
		};
		51D0C12C274444C20031FB37 /* Sources */ = {
			isa = PBXSourcesBuildPhase;
			buildActionMask = 2147483647;
			files = (
				51D0C135274444C20031FB37 /* TradeMeTests.swift in Sources */,
			);
			runOnlyForDeploymentPostprocessing = 0;
		};
		51D0C136274444C20031FB37 /* Sources */ = {
			isa = PBXSourcesBuildPhase;
			buildActionMask = 2147483647;
			files = (
				51D0C13F274444C20031FB37 /* TradeMeUITests.swift in Sources */,
				51D0C141274444C20031FB37 /* TradeMeUITestsLaunchTests.swift in Sources */,
			);
			runOnlyForDeploymentPostprocessing = 0;
		};
/* End PBXSourcesBuildPhase section */

/* Begin PBXTargetDependency section */
		51D0C132274444C20031FB37 /* PBXTargetDependency */ = {
			isa = PBXTargetDependency;
			target = 51D0C119274444C00031FB37 /* TradeMe */;
			targetProxy = 51D0C131274444C20031FB37 /* PBXContainerItemProxy */;
		};
		51D0C13C274444C20031FB37 /* PBXTargetDependency */ = {
			isa = PBXTargetDependency;
			target = 51D0C119274444C00031FB37 /* TradeMe */;
			targetProxy = 51D0C13B274444C20031FB37 /* PBXContainerItemProxy */;
		};
/* End PBXTargetDependency section */

/* Begin PBXVariantGroup section */
		51D0C128274444C20031FB37 /* LaunchScreen.storyboard */ = {
			isa = PBXVariantGroup;
			children = (
				51D0C129274444C20031FB37 /* Base */,
			);
			name = LaunchScreen.storyboard;
			sourceTree = "<group>";
		};
/* End PBXVariantGroup section */

/* Begin XCBuildConfiguration section */
		51D0C142274444C20031FB37 /* Debug */ = {
			isa = XCBuildConfiguration;
			buildSettings = {
				ALWAYS_SEARCH_USER_PATHS = NO;
				CLANG_ANALYZER_NONNULL = YES;
				CLANG_ANALYZER_NUMBER_OBJECT_CONVERSION = YES_AGGRESSIVE;
				CLANG_CXX_LANGUAGE_STANDARD = "gnu++17";
				CLANG_CXX_LIBRARY = "libc++";
				CLANG_ENABLE_MODULES = YES;
				CLANG_ENABLE_OBJC_ARC = YES;
				CLANG_ENABLE_OBJC_WEAK = YES;
				CLANG_WARN_BLOCK_CAPTURE_AUTORELEASING = YES;
				CLANG_WARN_BOOL_CONVERSION = YES;
				CLANG_WARN_COMMA = YES;
				CLANG_WARN_CONSTANT_CONVERSION = YES;
				CLANG_WARN_DEPRECATED_OBJC_IMPLEMENTATIONS = YES;
				CLANG_WARN_DIRECT_OBJC_ISA_USAGE = YES_ERROR;
				CLANG_WARN_DOCUMENTATION_COMMENTS = YES;
				CLANG_WARN_EMPTY_BODY = YES;
				CLANG_WARN_ENUM_CONVERSION = YES;
				CLANG_WARN_INFINITE_RECURSION = YES;
				CLANG_WARN_INT_CONVERSION = YES;
				CLANG_WARN_NON_LITERAL_NULL_CONVERSION = YES;
				CLANG_WARN_OBJC_IMPLICIT_RETAIN_SELF = YES;
				CLANG_WARN_OBJC_LITERAL_CONVERSION = YES;
				CLANG_WARN_OBJC_ROOT_CLASS = YES_ERROR;
				CLANG_WARN_QUOTED_INCLUDE_IN_FRAMEWORK_HEADER = YES;
				CLANG_WARN_RANGE_LOOP_ANALYSIS = YES;
				CLANG_WARN_STRICT_PROTOTYPES = YES;
				CLANG_WARN_SUSPICIOUS_MOVE = YES;
				CLANG_WARN_UNGUARDED_AVAILABILITY = YES_AGGRESSIVE;
				CLANG_WARN_UNREACHABLE_CODE = YES;
				CLANG_WARN__DUPLICATE_METHOD_MATCH = YES;
				COPY_PHASE_STRIP = NO;
				DEBUG_INFORMATION_FORMAT = dwarf;
				ENABLE_STRICT_OBJC_MSGSEND = YES;
				ENABLE_TESTABILITY = YES;
				GCC_C_LANGUAGE_STANDARD = gnu11;
				GCC_DYNAMIC_NO_PIC = NO;
				GCC_NO_COMMON_BLOCKS = YES;
				GCC_OPTIMIZATION_LEVEL = 0;
				GCC_PREPROCESSOR_DEFINITIONS = (
					"DEBUG=1",
					"$(inherited)",
				);
				GCC_WARN_64_TO_32_BIT_CONVERSION = YES;
				GCC_WARN_ABOUT_RETURN_TYPE = YES_ERROR;
				GCC_WARN_UNDECLARED_SELECTOR = YES;
				GCC_WARN_UNINITIALIZED_AUTOS = YES_AGGRESSIVE;
				GCC_WARN_UNUSED_FUNCTION = YES;
				GCC_WARN_UNUSED_VARIABLE = YES;
				IPHONEOS_DEPLOYMENT_TARGET = 15.0;
				MTL_ENABLE_DEBUG_INFO = INCLUDE_SOURCE;
				MTL_FAST_MATH = YES;
				ONLY_ACTIVE_ARCH = YES;
				SDKROOT = iphoneos;
				SWIFT_ACTIVE_COMPILATION_CONDITIONS = DEBUG;
				SWIFT_OPTIMIZATION_LEVEL = "-Onone";
			};
			name = Debug;
		};
		51D0C143274444C20031FB37 /* Release */ = {
			isa = XCBuildConfiguration;
			buildSettings = {
				ALWAYS_SEARCH_USER_PATHS = NO;
				CLANG_ANALYZER_NONNULL = YES;
				CLANG_ANALYZER_NUMBER_OBJECT_CONVERSION = YES_AGGRESSIVE;
				CLANG_CXX_LANGUAGE_STANDARD = "gnu++17";
				CLANG_CXX_LIBRARY = "libc++";
				CLANG_ENABLE_MODULES = YES;
				CLANG_ENABLE_OBJC_ARC = YES;
				CLANG_ENABLE_OBJC_WEAK = YES;
				CLANG_WARN_BLOCK_CAPTURE_AUTORELEASING = YES;
				CLANG_WARN_BOOL_CONVERSION = YES;
				CLANG_WARN_COMMA = YES;
				CLANG_WARN_CONSTANT_CONVERSION = YES;
				CLANG_WARN_DEPRECATED_OBJC_IMPLEMENTATIONS = YES;
				CLANG_WARN_DIRECT_OBJC_ISA_USAGE = YES_ERROR;
				CLANG_WARN_DOCUMENTATION_COMMENTS = YES;
				CLANG_WARN_EMPTY_BODY = YES;
				CLANG_WARN_ENUM_CONVERSION = YES;
				CLANG_WARN_INFINITE_RECURSION = YES;
				CLANG_WARN_INT_CONVERSION = YES;
				CLANG_WARN_NON_LITERAL_NULL_CONVERSION = YES;
				CLANG_WARN_OBJC_IMPLICIT_RETAIN_SELF = YES;
				CLANG_WARN_OBJC_LITERAL_CONVERSION = YES;
				CLANG_WARN_OBJC_ROOT_CLASS = YES_ERROR;
				CLANG_WARN_QUOTED_INCLUDE_IN_FRAMEWORK_HEADER = YES;
				CLANG_WARN_RANGE_LOOP_ANALYSIS = YES;
				CLANG_WARN_STRICT_PROTOTYPES = YES;
				CLANG_WARN_SUSPICIOUS_MOVE = YES;
				CLANG_WARN_UNGUARDED_AVAILABILITY = YES_AGGRESSIVE;
				CLANG_WARN_UNREACHABLE_CODE = YES;
				CLANG_WARN__DUPLICATE_METHOD_MATCH = YES;
				COPY_PHASE_STRIP = NO;
				DEBUG_INFORMATION_FORMAT = "dwarf-with-dsym";
				ENABLE_NS_ASSERTIONS = NO;
				ENABLE_STRICT_OBJC_MSGSEND = YES;
				GCC_C_LANGUAGE_STANDARD = gnu11;
				GCC_NO_COMMON_BLOCKS = YES;
				GCC_WARN_64_TO_32_BIT_CONVERSION = YES;
				GCC_WARN_ABOUT_RETURN_TYPE = YES_ERROR;
				GCC_WARN_UNDECLARED_SELECTOR = YES;
				GCC_WARN_UNINITIALIZED_AUTOS = YES_AGGRESSIVE;
				GCC_WARN_UNUSED_FUNCTION = YES;
				GCC_WARN_UNUSED_VARIABLE = YES;
				IPHONEOS_DEPLOYMENT_TARGET = 15.0;
				MTL_ENABLE_DEBUG_INFO = NO;
				MTL_FAST_MATH = YES;
				SDKROOT = iphoneos;
				SWIFT_COMPILATION_MODE = wholemodule;
				SWIFT_OPTIMIZATION_LEVEL = "-O";
				VALIDATE_PRODUCT = YES;
			};
			name = Release;
		};
		51D0C145274444C20031FB37 /* Debug */ = {
			isa = XCBuildConfiguration;
			baseConfigurationReference = BE6E801B35E9C69879BA3ABC /* Pods-TradeMe.debug.xcconfig */;
			buildSettings = {
				ASSETCATALOG_COMPILER_APPICON_NAME = AppIcon;
				ASSETCATALOG_COMPILER_GLOBAL_ACCENT_COLOR_NAME = AccentColor;
				CODE_SIGN_STYLE = Automatic;
				CURRENT_PROJECT_VERSION = 1;
				DEVELOPMENT_TEAM = G333BD8ANT;
				GENERATE_INFOPLIST_FILE = YES;
				INFOPLIST_FILE = TradeMe/Info.plist;
				INFOPLIST_KEY_CFBundleDisplayName = "Trade Me";
				INFOPLIST_KEY_UIApplicationSupportsIndirectInputEvents = YES;
				INFOPLIST_KEY_UILaunchStoryboardName = LaunchScreen;
				INFOPLIST_KEY_UISupportedInterfaceOrientations_iPad = "UIInterfaceOrientationPortrait UIInterfaceOrientationPortraitUpsideDown UIInterfaceOrientationLandscapeLeft UIInterfaceOrientationLandscapeRight";
				INFOPLIST_KEY_UISupportedInterfaceOrientations_iPhone = "UIInterfaceOrientationPortrait UIInterfaceOrientationLandscapeLeft UIInterfaceOrientationLandscapeRight";
				LD_RUNPATH_SEARCH_PATHS = (
					"$(inherited)",
					"@executable_path/Frameworks",
				);
				MARKETING_VERSION = 1.0;
				PRODUCT_BUNDLE_IDENTIFIER = com.lucan.TradeMe;
				PRODUCT_NAME = "$(TARGET_NAME)";
				SWIFT_EMIT_LOC_STRINGS = YES;
				SWIFT_VERSION = 5.0;
				TARGETED_DEVICE_FAMILY = "1,2";
			};
			name = Debug;
		};
		51D0C146274444C20031FB37 /* Release */ = {
			isa = XCBuildConfiguration;
			baseConfigurationReference = A1D9E092C04E2C5FA2D80CDA /* Pods-TradeMe.release.xcconfig */;
			buildSettings = {
				ASSETCATALOG_COMPILER_APPICON_NAME = AppIcon;
				ASSETCATALOG_COMPILER_GLOBAL_ACCENT_COLOR_NAME = AccentColor;
				CODE_SIGN_STYLE = Automatic;
				CURRENT_PROJECT_VERSION = 1;
				DEVELOPMENT_TEAM = G333BD8ANT;
				GENERATE_INFOPLIST_FILE = YES;
				INFOPLIST_FILE = TradeMe/Info.plist;
				INFOPLIST_KEY_CFBundleDisplayName = "Trade Me";
				INFOPLIST_KEY_UIApplicationSupportsIndirectInputEvents = YES;
				INFOPLIST_KEY_UILaunchStoryboardName = LaunchScreen;
				INFOPLIST_KEY_UISupportedInterfaceOrientations_iPad = "UIInterfaceOrientationPortrait UIInterfaceOrientationPortraitUpsideDown UIInterfaceOrientationLandscapeLeft UIInterfaceOrientationLandscapeRight";
				INFOPLIST_KEY_UISupportedInterfaceOrientations_iPhone = "UIInterfaceOrientationPortrait UIInterfaceOrientationLandscapeLeft UIInterfaceOrientationLandscapeRight";
				LD_RUNPATH_SEARCH_PATHS = (
					"$(inherited)",
					"@executable_path/Frameworks",
				);
				MARKETING_VERSION = 1.0;
				PRODUCT_BUNDLE_IDENTIFIER = com.lucan.TradeMe;
				PRODUCT_NAME = "$(TARGET_NAME)";
				SWIFT_EMIT_LOC_STRINGS = YES;
				SWIFT_VERSION = 5.0;
				TARGETED_DEVICE_FAMILY = "1,2";
			};
			name = Release;
		};
		51D0C148274444C20031FB37 /* Debug */ = {
			isa = XCBuildConfiguration;
			baseConfigurationReference = 4D24EE1A20D6C438C50837B9 /* Pods-TradeMeTests.debug.xcconfig */;
			buildSettings = {
				ALWAYS_EMBED_SWIFT_STANDARD_LIBRARIES = YES;
				BUNDLE_LOADER = "$(TEST_HOST)";
				CODE_SIGN_STYLE = Automatic;
				CURRENT_PROJECT_VERSION = 1;
				DEVELOPMENT_TEAM = G333BD8ANT;
				GENERATE_INFOPLIST_FILE = YES;
				IPHONEOS_DEPLOYMENT_TARGET = 15.0;
				LD_RUNPATH_SEARCH_PATHS = (
					"$(inherited)",
					"@executable_path/Frameworks",
					"@loader_path/Frameworks",
				);
				MARKETING_VERSION = 1.0;
				PRODUCT_BUNDLE_IDENTIFIER = com.lucan.TradeMeTests;
				PRODUCT_NAME = "$(TARGET_NAME)";
				SWIFT_EMIT_LOC_STRINGS = NO;
				SWIFT_VERSION = 5.0;
				TARGETED_DEVICE_FAMILY = "1,2";
				TEST_HOST = "$(BUILT_PRODUCTS_DIR)/TradeMe.app/TradeMe";
			};
			name = Debug;
		};
		51D0C149274444C20031FB37 /* Release */ = {
			isa = XCBuildConfiguration;
			baseConfigurationReference = 5BFF21BACA7BCF502A9C437E /* Pods-TradeMeTests.release.xcconfig */;
			buildSettings = {
				ALWAYS_EMBED_SWIFT_STANDARD_LIBRARIES = YES;
				BUNDLE_LOADER = "$(TEST_HOST)";
				CODE_SIGN_STYLE = Automatic;
				CURRENT_PROJECT_VERSION = 1;
				DEVELOPMENT_TEAM = G333BD8ANT;
				GENERATE_INFOPLIST_FILE = YES;
				IPHONEOS_DEPLOYMENT_TARGET = 15.0;
				LD_RUNPATH_SEARCH_PATHS = (
					"$(inherited)",
					"@executable_path/Frameworks",
					"@loader_path/Frameworks",
				);
				MARKETING_VERSION = 1.0;
				PRODUCT_BUNDLE_IDENTIFIER = com.lucan.TradeMeTests;
				PRODUCT_NAME = "$(TARGET_NAME)";
				SWIFT_EMIT_LOC_STRINGS = NO;
				SWIFT_VERSION = 5.0;
				TARGETED_DEVICE_FAMILY = "1,2";
				TEST_HOST = "$(BUILT_PRODUCTS_DIR)/TradeMe.app/TradeMe";
			};
			name = Release;
		};
		51D0C14B274444C20031FB37 /* Debug */ = {
			isa = XCBuildConfiguration;
			baseConfigurationReference = C73612DEAA5E56B2593D58B7 /* Pods-TradeMe-TradeMeUITests.debug.xcconfig */;
			buildSettings = {
				ALWAYS_EMBED_SWIFT_STANDARD_LIBRARIES = YES;
				CODE_SIGN_STYLE = Automatic;
				CURRENT_PROJECT_VERSION = 1;
				DEVELOPMENT_TEAM = G333BD8ANT;
				GENERATE_INFOPLIST_FILE = YES;
				LD_RUNPATH_SEARCH_PATHS = (
					"$(inherited)",
					"@executable_path/Frameworks",
					"@loader_path/Frameworks",
				);
				MARKETING_VERSION = 1.0;
				PRODUCT_BUNDLE_IDENTIFIER = com.lucan.TradeMeUITests;
				PRODUCT_NAME = "$(TARGET_NAME)";
				SWIFT_EMIT_LOC_STRINGS = NO;
				SWIFT_VERSION = 5.0;
				TARGETED_DEVICE_FAMILY = "1,2";
				TEST_TARGET_NAME = TradeMe;
			};
			name = Debug;
		};
		51D0C14C274444C20031FB37 /* Release */ = {
			isa = XCBuildConfiguration;
			baseConfigurationReference = 1D51F9B774DABD250E19ECBD /* Pods-TradeMe-TradeMeUITests.release.xcconfig */;
			buildSettings = {
				ALWAYS_EMBED_SWIFT_STANDARD_LIBRARIES = YES;
				CODE_SIGN_STYLE = Automatic;
				CURRENT_PROJECT_VERSION = 1;
				DEVELOPMENT_TEAM = G333BD8ANT;
				GENERATE_INFOPLIST_FILE = YES;
				LD_RUNPATH_SEARCH_PATHS = (
					"$(inherited)",
					"@executable_path/Frameworks",
					"@loader_path/Frameworks",
				);
				MARKETING_VERSION = 1.0;
				PRODUCT_BUNDLE_IDENTIFIER = com.lucan.TradeMeUITests;
				PRODUCT_NAME = "$(TARGET_NAME)";
				SWIFT_EMIT_LOC_STRINGS = NO;
				SWIFT_VERSION = 5.0;
				TARGETED_DEVICE_FAMILY = "1,2";
				TEST_TARGET_NAME = TradeMe;
			};
			name = Release;
		};
/* End XCBuildConfiguration section */

/* Begin XCConfigurationList section */
		51D0C115274444C00031FB37 /* Build configuration list for PBXProject "TradeMe" */ = {
			isa = XCConfigurationList;
			buildConfigurations = (
				51D0C142274444C20031FB37 /* Debug */,
				51D0C143274444C20031FB37 /* Release */,
			);
			defaultConfigurationIsVisible = 0;
			defaultConfigurationName = Release;
		};
		51D0C144274444C20031FB37 /* Build configuration list for PBXNativeTarget "TradeMe" */ = {
			isa = XCConfigurationList;
			buildConfigurations = (
				51D0C145274444C20031FB37 /* Debug */,
				51D0C146274444C20031FB37 /* Release */,
			);
			defaultConfigurationIsVisible = 0;
			defaultConfigurationName = Release;
		};
		51D0C147274444C20031FB37 /* Build configuration list for PBXNativeTarget "TradeMeTests" */ = {
			isa = XCConfigurationList;
			buildConfigurations = (
				51D0C148274444C20031FB37 /* Debug */,
				51D0C149274444C20031FB37 /* Release */,
			);
			defaultConfigurationIsVisible = 0;
			defaultConfigurationName = Release;
		};
		51D0C14A274444C20031FB37 /* Build configuration list for PBXNativeTarget "TradeMeUITests" */ = {
			isa = XCConfigurationList;
			buildConfigurations = (
				51D0C14B274444C20031FB37 /* Debug */,
				51D0C14C274444C20031FB37 /* Release */,
			);
			defaultConfigurationIsVisible = 0;
			defaultConfigurationName = Release;
		};
/* End XCConfigurationList section */
	};
	rootObject = 51D0C112274444C00031FB37 /* Project object */;
}
